github.com/jfjallid/go-smb v0.2.6 h1:kF0UH7wXjqnqSrISc0vEpLkJFfsz4Bnr/jlXAobrwAM=
github.com/jfjallid/go-smb v0.2.6/go.mod h1:Kew0ysf3f+GtnBzpU7jiZmZ4ohp4ZHE7z2PMnXXG7IM=
github.com/jfjallid/golog v0.3.3 h1:dY6qf8wTxJ9OwBPVTadVRDmt/6MVXSWwXrxaGMMyXsU=
github.com/jfjallid/golog v0.3.3/go.mod h1:19Q/zg5OgPPd0xhFllokPnMzthzhFPZmiAGAokE7k58=
golang.org/x/crypto v0.6.0 h1:qfktjS5LUO+fFKeJXZ+ikTRijMmljikvG68fpMMruSc=
golang.org/x/crypto v0.6.0/go.mod h1:OFC/31mSvZgRz0V1QTNCzfAI1aIRzbiufJtkMIlEp58=
golang.org/x/sys v0.5.0 h1:MUK/U/4lj1t1oPg0HfuXDN/Z1wv31ZJ/YcPiGccS4DU=
golang.org/x/sys v0.5.0/go.mod h1:oPkhp1MJrh7nUepCBck5+mAzfO9JrbApNNgaTdGDITg=
golang.org/x/term v0.5.0 h1:n2a8QNdAb0sZNpU9R1ALUXBbY+w51fCQDN+7EdxNBsY=
golang.org/x/term v0.5.0/go.mod h1:jMB1sMXY+tzblOD4FWmEbocvup2/aLOaQEp7JmGp78k=
