github.com/davecgh/go-spew v1.1.1 h1:vj9j/u1bqnvCEfJOwUhtlOARqs3+rkHYY13jYWTU97c=
github.com/davecgh/go-spew v1.1.1/go.mod h1:J7Y8YcW2NihsgmVo/mv3lAwl/skON4iLHjSsI+c5H38=
github.com/jfjallid/go-smb v0.7.0 h1:RukTO5pMvioWeYxvsikGRTpICHyYbHBIZ2hPRAVVtwU=
github.com/jfjallid/go-smb v0.7.0/go.mod h1:oaggPuQ7Qw+88AhU1bdcl371xt4OfRmuS2Lz38N9dnM=
github.com/jfjallid/gofork v1.7.6 h1:OYyS2HH597860gkDxxjNsl+NZRxoAnuRI6ZsP++kYKE=
github.com/jfjallid/gofork v1.7.6/go.mod h1:r1EH4W9KY5iqtiGhAupnbzMRONsLDApdJ9EZH5NWFSc=
github.com/jfjallid/gokrb5/v8 v8.5.1 h1:6Mt7/s5Am1ygDWDoglP/9VH+k1io8ln7hmMF7BiEPFA=
github.com/jfjallid/gokrb5/v8 v8.5.1/go.mod h1:B/NiCy81HOor1RSqAd6f1a81u5lPdRxq7vWpbf/KSKU=
github.com/jfjallid/golog v0.3.3 h1:dY6qf8wTxJ9OwBPVTadVRDmt/6MVXSWwXrxaGMMyXsU=
github.com/jfjallid/golog v0.3.3/go.mod h1:19Q/zg5OgPPd0xhFllokPnMzthzhFPZmiAGAokE7k58=
github.com/jfjallid/mstypes v0.0.1 h1:/USSXByO5ZMYDmc6mwcK+azKNVwym5vzrAv5uIxXy+U=
github.com/jfjallid/mstypes v0.0.1/go.mod h1:a3RS3XrUS/+1FbmUNDHB2cJ878Z//brwfxBTG9PB9/M=
github.com/jfjallid/ndr v0.0.2 h1:KOATfG1aoLcxXvE4v6tqDBlxB+f23cObNed+zrhizRw=
github.com/jfjallid/ndr v0.0.2/go.mod h1:WWJb+oCrKbcTcX5wGvXUNoTUsRLk4qmhP2dfDsGXW1Q=
github.com/pmezard/go-difflib v1.0.0 h1:4DBwDE0NGyQoBHbLQYPwSUPoCMWR5BEzIk/f1lZbAQM=
github.com/pmezard/go-difflib v1.0.0/go.mod h1:iKH77koFhYxTK1pcRnkKkqfTogsbg7gZNVY4sRDYZ/4=
github.com/stretchr/testify v1.10.0 h1:Xv5erBjTwe/5IxqUQTdXv5kgmIvbHo3QQyRwhJsOfJA=
github.com/stretchr/testify v1.10.0/go.mod h1:r2ic/lqez/lEtzL7wO/rwa5dbSLXVDPFyf8C91i36aY=
golang.org/x/crypto v0.37.0 h1:kJNSjF/Xp7kU0iB2Z+9viTPMW4EqqsrywMXLJOOsXSE=
golang.org/x/crypto v0.37.0/go.mod h1:vg+k43peMZ0pUMhYmVAWysMK35e6ioLh3wB8ZCAfbVc=
golang.org/x/net v0.39.0 h1:ZCu7HMWDxpXpaiKdhzIfaltL9Lp31x/3fCP11bc6/fY=
golang.org/x/net v0.39.0/go.mod h1:X7NRbYVEA+ewNkCNyJ513WmMdQ3BineSwVtN2zD/d+E=
golang.org/x/sys v0.32.0 h1:s77OFDvIQeibCmezSnk/q6iAfkdiQaJi4VzroCFrN20=
golang.org/x/sys v0.32.0/go.mod h1:BJP2sWEmIv4KK5OTEluFJCKSidICx8ciO85XgH3Ak8k=
golang.org/x/term v0.31.0 h1:erwDkOK1Msy6offm1mOgvspSkslFnIGsFnxOKoufg3o=
golang.org/x/term v0.31.0/go.mod h1:R4BeIy7D95HzImkxGkTW1UQTtP54tio2RyHz7PwK0aw=
gopkg.in/yaml.v3 v3.0.1 h1:fxVm/GzAzEWqLHuvctI91KS9hhNmmWOoWu0XTYJS7CA=
gopkg.in/yaml.v3 v3.0.1/go.mod h1:K4uyk7z7BCEPqu6E+C64Yfv1cQ7kz7rIZviUmN+EgEM=
